{
  "nodes": {
    "disko": {
      "inputs": {
        "nixpkgs": [
          "nixpkgs"
        ]
      },
      "locked": {
        "lastModified": 1768920986,
        "narHash": "sha256-CNzzBsRhq7gg4BMBuTDObiWDH/rFYHEuDRVOwCcwXw4=",
        "owner": "nix-community",
        "repo": "disko",
        "rev": "de5708739256238fb912c62f03988815db89ec9a",
        "type": "github"
      },
      "original": {
        "owner": "nix-community",
        "ref": "latest",
        "repo": "disko",
        "type": "github"
      }
    },
    "home-manager": {
      "inputs": {
        "nixpkgs": [
          "nixpkgs"
        ]
      },
      "locked": {
        "lastModified": 1776009508,
        "narHash": "sha256-iHaRCLrPfhFbWpdJ5nDH30N/4xckLMBKmY3PE3abjGU=",
        "owner": "nix-community",
        "repo": "home-manager",
        "rev": "7832a664c40c98a2dcf45400f60d0f70f8b6fd19",
        "type": "github"
      },
      "original": {
        "owner": "nix-community",
        "repo": "home-manager",
        "type": "github"
      }
    },
    "nix-index-database": {
      "inputs": {
        "nixpkgs": [
          "nixpkgs"
        ]
      },
      "locked": {
        "lastModified": 1775970782,
        "narHash": "sha256-7jt9Vpm48Yy5yAWigYpde+HxtYEpEuyzIQJF4VYehhk=",
        "owner": "Mic92",
        "repo": "nix-index-database",
        "rev": "bedba5989b04614fc598af9633033b95a937933f",
        "type": "github"
      },
      "original": {
        "owner": "Mic92",
        "repo": "nix-index-database",
        "type": "github"
      }
    },
    "nix-vscode-extensions": {
      "inputs": {
        "nixpkgs": "nixpkgs"
      },
      "locked": {
        "lastModified": 1775964551,
        "narHash": "sha256-PFqgleO6rpvnLsSWzkihL1fLTbE2DW9qtpXJZjyNMTg=",
        "owner": "nix-community",
        "repo": "nix-vscode-extensions",
        "rev": "8cb99bb38a916ac38c73003730d7bdd9f67ab657",
        "type": "github"
      },
      "original": {
        "owner": "nix-community",
        "repo": "nix-vscode-extensions",
        "type": "github"
      }
    },
    "nixpkgs": {
      "locked": {
        "lastModified": 1766025857,
        "narHash": "sha256-Lav5jJazCW4mdg1iHcROpuXqmM94BWJvabLFWaJVJp0=",
        "owner": "nixos",
        "repo": "nixpkgs",
        "rev": "def3da69945bbe338c373fddad5a1bb49cf199ce",
        "type": "github"
      },
      "original": {
        "owner": "nixos",
        "repo": "nixpkgs",
        "rev": "def3da69945bbe338c373fddad5a1bb49cf199ce",
        "type": "github"
      }
    },
    "nixpkgs-stable": {
      "locked": {
        "lastModified": 1775811116,
        "narHash": "sha256-t+HZK42pB6N+i5RGbuy7Xluez/VvWbembBdvzsc23Ss=",
        "owner": "NixOS",
        "repo": "nixpkgs",
        "rev": "54170c54449ea4d6725efd30d719c5e505f1c10e",
        "type": "github"
      },
      "original": {
        "id": "nixpkgs",
        "ref": "nixos-25.11",
        "type": "indirect"
      }
    },
    "nixpkgs-usable-easyeffects": {
      "locked": {
        "lastModified": 1762695694,
        "narHash": "sha256-tSTzSeQH0+R79UMhLMXjrVOixkHxnjJ4JIx6iaiVLWQ=",
        "owner": "NixOS",
        "repo": "nixpkgs",
        "rev": "21a328d166594e938deb8d5c668ff3527ca3d9a0",
        "type": "github"
      },
      "original": {
        "id": "nixpkgs",
        "rev": "21a328d166594e938deb8d5c668ff3527ca3d9a0",
        "type": "indirect"
      }
    },
    "nixpkgs-usable-whisperx": {
      "locked": {
        "lastModified": 1757836812,
        "narHash": "sha256-NsrdCZnbDB5kcJIYmKoBh9Egz3vU4RjjuEbNCFp5Wwo=",
        "owner": "NixOS",
        "repo": "nixpkgs",
        "rev": "baa35fb3cd45d75c9e4e4466a191e6c99c3b2d31",
        "type": "github"
      },
      "original": {
        "id": "nixpkgs",
        "rev": "baa35fb3cd45d75c9e4e4466a191e6c99c3b2d31",
        "type": "indirect"
      }
    },
    "nixpkgs_2": {
      "locked": {
        "lastModified": 1775710090,
        "narHash": "sha256-ar3rofg+awPB8QXDaFJhJ2jJhu+KqN/PRCXeyuXR76E=",
        "owner": "NixOS",
        "repo": "nixpkgs",
        "rev": "4c1018dae018162ec878d42fec712642d214fdfa",
        "type": "github"
      },
      "original": {
        "id": "nixpkgs",
        "ref": "nixos-unstable",
        "type": "indirect"
      }
    },
    "root": {
      "inputs": {
        "disko": "disko",
        "home-manager": "home-manager",
        "nix-index-database": "nix-index-database",
        "nix-vscode-extensions": "nix-vscode-extensions",
        "nixpkgs": "nixpkgs_2",
        "nixpkgs-stable": "nixpkgs-stable",
        "nixpkgs-usable-easyeffects": "nixpkgs-usable-easyeffects",
        "nixpkgs-usable-whisperx": "nixpkgs-usable-whisperx"
      }
    }
  },
  "root": "root",
  "version": 7
}
