{
  "nodes": {
    "disko": {
      "inputs": {
        "nixpkgs": [
          "nixpkgs"
        ]
      },
      "locked": {
        "lastModified": 1768920986,
        "narHash": "sha256-CNzzBsRhq7gg4BMBuTDObiWDH/rFYHEuDRVOwCcwXw4=",
        "owner": "nix-community",
        "repo": "disko",
        "rev": "de5708739256238fb912c62f03988815db89ec9a",
        "type": "github"
      },
      "original": {
        "owner": "nix-community",
        "ref": "latest",
        "repo": "disko",
        "type": "github"
      }
    },
    "home-manager": {
      "inputs": {
        "nixpkgs": [
          "nixpkgs"
        ]
      },
      "locked": {
        "lastModified": 1773608492,
        "narHash": "sha256-QZteyExJYSQzgxqdsesDPbQgjctGG7iKV/6ooyQPITk=",
        "owner": "nix-community",
        "repo": "home-manager",
        "rev": "9a40ec3b78fc688d0908485887d355caa5666d18",
        "type": "github"
      },
      "original": {
        "owner": "nix-community",
        "repo": "home-manager",
        "type": "github"
      }
    },
    "nix-index-database": {
      "inputs": {
        "nixpkgs": [
          "nixpkgs"
        ]
      },
      "locked": {
        "lastModified": 1773552174,
        "narHash": "sha256-mHSRNrT1rjeYBgkAlj07dW3+1nFEgAd8Gu6lgyfT9DU=",
        "owner": "Mic92",
        "repo": "nix-index-database",
        "rev": "8faeb68130df077450451b6734a221ba0d6cde42",
        "type": "github"
      },
      "original": {
        "owner": "Mic92",
        "repo": "nix-index-database",
        "type": "github"
      }
    },
    "nix-vscode-extensions": {
      "inputs": {
        "nixpkgs": "nixpkgs"
      },
      "locked": {
        "lastModified": 1773543606,
        "narHash": "sha256-phMmtcMDGos4O82iEE3qFl58jp7fp1mu2liDE0A11gQ=",
        "owner": "nix-community",
        "repo": "nix-vscode-extensions",
        "rev": "014e1925a28b3e53f90883530ce6ff80e2da238a",
        "type": "github"
      },
      "original": {
        "owner": "nix-community",
        "repo": "nix-vscode-extensions",
        "type": "github"
      }
    },
    "nixpkgs": {
      "locked": {
        "lastModified": 1766025857,
        "narHash": "sha256-Lav5jJazCW4mdg1iHcROpuXqmM94BWJvabLFWaJVJp0=",
        "owner": "nixos",
        "repo": "nixpkgs",
        "rev": "def3da69945bbe338c373fddad5a1bb49cf199ce",
        "type": "github"
      },
      "original": {
        "owner": "nixos",
        "repo": "nixpkgs",
        "rev": "def3da69945bbe338c373fddad5a1bb49cf199ce",
        "type": "github"
      }
    },
    "nixpkgs-stable": {
      "locked": {
        "lastModified": 1764831616,
        "narHash": "sha256-OtzF5wBvO0jgW1WW1rQU9cMGx7zuvkF7CAVJ1ypzkxA=",
        "owner": "NixOS",
        "repo": "nixpkgs",
        "rev": "c97c47f2bac4fa59e2cbdeba289686ae615f8ed4",
        "type": "github"
      },
      "original": {
        "id": "nixpkgs",
        "rev": "c97c47f2bac4fa59e2cbdeba289686ae615f8ed4",
        "type": "indirect"
      }
    },
    "nixpkgs-usable-easyeffects": {
      "locked": {
        "lastModified": 1762695694,
        "narHash": "sha256-tSTzSeQH0+R79UMhLMXjrVOixkHxnjJ4JIx6iaiVLWQ=",
        "owner": "NixOS",
        "repo": "nixpkgs",
        "rev": "21a328d166594e938deb8d5c668ff3527ca3d9a0",
        "type": "github"
      },
      "original": {
        "id": "nixpkgs",
        "rev": "21a328d166594e938deb8d5c668ff3527ca3d9a0",
        "type": "indirect"
      }
    },
    "nixpkgs-usable-libopusenc": {
      "locked": {
        "lastModified": 1771957455,
        "narHash": "sha256-er9AMWX4sZcYZrGsvIYj0rn7TGswAn2lIyh/X8HqH2o=",
        "owner": "NixOS",
        "repo": "nixpkgs",
        "rev": "9bc28d4130f560cc24d6dbe1f7691fbf8b99e913",
        "type": "github"
      },
      "original": {
        "owner": "NixOS",
        "ref": "pull/493745/head",
        "repo": "nixpkgs",
        "type": "github"
      }
    },
    "nixpkgs-usable-whisperx": {
      "locked": {
        "lastModified": 1757836812,
        "narHash": "sha256-NsrdCZnbDB5kcJIYmKoBh9Egz3vU4RjjuEbNCFp5Wwo=",
        "owner": "NixOS",
        "repo": "nixpkgs",
        "rev": "baa35fb3cd45d75c9e4e4466a191e6c99c3b2d31",
        "type": "github"
      },
      "original": {
        "id": "nixpkgs",
        "rev": "baa35fb3cd45d75c9e4e4466a191e6c99c3b2d31",
        "type": "indirect"
      }
    },
    "nixpkgs_2": {
      "locked": {
        "lastModified": 1773389992,
        "narHash": "sha256-wvfdLLWJ2I9oEpDd9PfMA8osfIZicoQ5MT1jIwNs9Tk=",
        "owner": "NixOS",
        "repo": "nixpkgs",
        "rev": "c06b4ae3d6599a672a6210b7021d699c351eebda",
        "type": "github"
      },
      "original": {
        "id": "nixpkgs",
        "ref": "nixos-unstable",
        "type": "indirect"
      }
    },
    "root": {
      "inputs": {
        "disko": "disko",
        "home-manager": "home-manager",
        "nix-index-database": "nix-index-database",
        "nix-vscode-extensions": "nix-vscode-extensions",
        "nixpkgs": "nixpkgs_2",
        "nixpkgs-stable": "nixpkgs-stable",
        "nixpkgs-usable-easyeffects": "nixpkgs-usable-easyeffects",
        "nixpkgs-usable-libopusenc": "nixpkgs-usable-libopusenc",
        "nixpkgs-usable-whisperx": "nixpkgs-usable-whisperx"
      }
    }
  },
  "root": "root",
  "version": 7
}
